// !$*UTF8*$!
{
	archiveVersion = 1;
	classes = {
	};
	objectVersion = 56;
	objects = {

/* Begin PBXBuildFile section */
		0B2C7745454E4CAFA75755DE /* Colors.swift in Sources */ = {isa = PBXBuildFile; fileRef = D16987AEF56C4249A7AF170E /* Colors.swift */; };
		25C0B98CC1974B949CF3ACED /* Typography.swift in Sources */ = {isa = PBXBuildFile; fileRef = F0A6918A1B294F698CE75768 /* Typography.swift */; };
		2886E8859B594E3EB1793C80 /* Spacing.swift in Sources */ = {isa = PBXBuildFile; fileRef = CE95104B10F14094A5BC4B89 /* Spacing.swift */; };
		3E654C136D55472BA0E863FD /* FloatingButton.swift in Sources */ = {isa = PBXBuildFile; fileRef = C96141BDC0DA47668486999D /* FloatingButton.swift */; };
		96BFD2020AB843B68F926733 /* ProgressBar.swift in Sources */ = {isa = PBXBuildFile; fileRef = 9A4E71962335483592ED2902 /* ProgressBar.swift */; };
		698EA98DAF6C40A9BA30BEF7 /* WebView.swift in Sources */ = {isa = PBXBuildFile; fileRef = 72515E27116B4EC5B3333CC0 /* WebView.swift */; };
		DB2DD0EB742E4084B47AC061 /* DevelopmentView.swift in Sources */ = {isa = PBXBuildFile; fileRef = F1DB4714C369465FAC4EC91F /* DevelopmentView.swift */; };
		A2FB0AE62B684D21BAB5C7EF /* HomeView.swift in Sources */ = {isa = PBXBuildFile; fileRef = 05A1AFFC58ED49AD84D6B648 /* HomeView.swift */; };
		21B3F6C005644AA199AD3E80 /* ProjectCard.swift in Sources */ = {isa = PBXBuildFile; fileRef = A0DCA55A4AB94D87A09FCF7B /* ProjectCard.swift */; };
		1D7AC4F39AAF40DBAF10181A /* Project.swift in Sources */ = {isa = PBXBuildFile; fileRef = 8A83F7C58FA245C5BAB39AB1 /* Project.swift */; };
		EAEBE71EBD2642F6BA6B4032 /* SpokenRealityApp.swift in Sources */ = {isa = PBXBuildFile; fileRef = CFAFE6C13FE94EE59AA70643 /* SpokenRealityApp.swift */; };
/* End PBXBuildFile section */

/* Begin PBXFileReference section */
		D16987AEF56C4249A7AF170E /* Colors.swift */ = {isa = PBXFileReference; lastKnownFileType = sourcecode.swift; path = "Colors.swift"; sourceTree = "<group>"; };
		F0A6918A1B294F698CE75768 /* Typography.swift */ = {isa = PBXFileReference; lastKnownFileType = sourcecode.swift; path = "Typography.swift"; sourceTree = "<group>"; };
		CE95104B10F14094A5BC4B89 /* Spacing.swift */ = {isa = PBXFileReference; lastKnownFileType = sourcecode.swift; path = "Spacing.swift"; sourceTree = "<group>"; };
		C96141BDC0DA47668486999D /* FloatingButton.swift */ = {isa = PBXFileReference; lastKnownFileType = sourcecode.swift; path = "FloatingButton.swift"; sourceTree = "<group>"; };
		9A4E71962335483592ED2902 /* ProgressBar.swift */ = {isa = PBXFileReference; lastKnownFileType = sourcecode.swift; path = "ProgressBar.swift"; sourceTree = "<group>"; };
		72515E27116B4EC5B3333CC0 /* WebView.swift */ = {isa = PBXFileReference; lastKnownFileType = sourcecode.swift; path = "WebView.swift"; sourceTree = "<group>"; };
		F1DB4714C369465FAC4EC91F /* DevelopmentView.swift */ = {isa = PBXFileReference; lastKnownFileType = sourcecode.swift; path = "DevelopmentView.swift"; sourceTree = "<group>"; };
		05A1AFFC58ED49AD84D6B648 /* HomeView.swift */ = {isa = PBXFileReference; lastKnownFileType = sourcecode.swift; path = "HomeView.swift"; sourceTree = "<group>"; };
		A0DCA55A4AB94D87A09FCF7B /* ProjectCard.swift */ = {isa = PBXFileReference; lastKnownFileType = sourcecode.swift; path = "ProjectCard.swift"; sourceTree = "<group>"; };
		8A83F7C58FA245C5BAB39AB1 /* Project.swift */ = {isa = PBXFileReference; lastKnownFileType = sourcecode.swift; path = "Project.swift"; sourceTree = "<group>"; };
		CFAFE6C13FE94EE59AA70643 /* SpokenRealityApp.swift */ = {isa = PBXFileReference; lastKnownFileType = sourcecode.swift; path = "SpokenRealityApp.swift"; sourceTree = "<group>"; };
/* End PBXFileReference section */

/* Begin PBXFrameworksBuildPhase section */
		2D346FED11364C5E84C01A78 /* Frameworks */ = {
			isa = PBXFrameworksBuildPhase;
			buildActionMask = 2147483647;
			files = (
			);
			runOnlyForDeploymentPostprocessing = 0;
		};
/* End PBXFrameworksBuildPhase section */

/* Begin PBXGroup section */
		6EEA243A680C424F97CE9C8F = {
			isa = PBXGroup;
			children = (
				D16987AEF56C4249A7AF170E /* Colors.swift */,
				F0A6918A1B294F698CE75768 /* Typography.swift */,
				CE95104B10F14094A5BC4B89 /* Spacing.swift */,
				C96141BDC0DA47668486999D /* FloatingButton.swift */,
				9A4E71962335483592ED2902 /* ProgressBar.swift */,
				72515E27116B4EC5B3333CC0 /* WebView.swift */,
				F1DB4714C369465FAC4EC91F /* DevelopmentView.swift */,
				05A1AFFC58ED49AD84D6B648 /* HomeView.swift */,
				A0DCA55A4AB94D87A09FCF7B /* ProjectCard.swift */,
				8A83F7C58FA245C5BAB39AB1 /* Project.swift */,
				CFAFE6C13FE94EE59AA70643 /* SpokenRealityApp.swift */,
			);
			path = SpokenRealityApp;
			sourceTree = "<group>";
		};
/* End PBXGroup section */

/* Begin PBXNativeTarget section */
		4E168D8D5A9D4C57A54EE578 /* SpokenRealityApp */ = {
			isa = PBXNativeTarget;
			buildConfigurationList = 41F9C6445C5047B68569C5B2;
			buildPhases = (
				43FA155AFC2A4E25979EC3CB /* Sources */,
				2D346FED11364C5E84C01A78 /* Frameworks */,
				AC547A298BD643B884700217 /* Resources */,
			);
			buildRules = (
			);
			dependencies = (
			);
			name = SpokenRealityApp;
			productName = SpokenRealityApp;
			productType = "com.apple.product-type.application";
		};
/* End PBXNativeTarget section */

/* Begin PBXProject section */
		32F837035F04477FAC39A2CF /* Project object */ = {
			isa = PBXProject;
			attributes = {
				BuildIndependentTargetsInParallel = 1;
				LastSwiftUpdateCheck = 1600;
				LastUpgradeCheck = 1600;
			};
			buildConfigurationList = 37F49FAA23CD4EFBB1B393B3;
			compatibilityVersion = "Xcode 14.0";
			hasScannedForEncodings = 0;
			mainGroup = 2BC4C2BBCE224F3396580261;
			productRefGroup = 59E4B3E2C5644BD485EAE866;
			projectDirPath = "";
			projectRoot = "";
			targets = (
				4E168D8D5A9D4C57A54EE578 /* SpokenRealityApp */,
			);
		};
/* End PBXProject section */

/* Begin PBXResourcesBuildPhase section */
		AC547A298BD643B884700217 /* Resources */ = {
			isa = PBXResourcesBuildPhase;
			buildActionMask = 2147483647;
			files = (
			);
			runOnlyForDeploymentPostprocessing = 0;
		};
/* End PBXResourcesBuildPhase section */

/* Begin PBXSourcesBuildPhase section */
		43FA155AFC2A4E25979EC3CB /* Sources */ = {
			isa = PBXSourcesBuildPhase;
			buildActionMask = 2147483647;
			files = (
				0B2C7745454E4CAFA75755DE /* Colors.swift in Sources */,
				25C0B98CC1974B949CF3ACED /* Typography.swift in Sources */,
				2886E8859B594E3EB1793C80 /* Spacing.swift in Sources */,
				3E654C136D55472BA0E863FD /* FloatingButton.swift in Sources */,
				96BFD2020AB843B68F926733 /* ProgressBar.swift in Sources */,
				698EA98DAF6C40A9BA30BEF7 /* WebView.swift in Sources */,
				DB2DD0EB742E4084B47AC061 /* DevelopmentView.swift in Sources */,
				A2FB0AE62B684D21BAB5C7EF /* HomeView.swift in Sources */,
				21B3F6C005644AA199AD3E80 /* ProjectCard.swift in Sources */,
				1D7AC4F39AAF40DBAF10181A /* Project.swift in Sources */,
				EAEBE71EBD2642F6BA6B4032 /* SpokenRealityApp.swift in Sources */,
			);
			runOnlyForDeploymentPostprocessing = 0;
		};
/* End PBXSourcesBuildPhase section */

	};
	rootObject = 32F837035F04477FAC39A2CF /* Project object */;
}
